
Microsoft Visual Studio Solution File, Format Version 12.00
# Visual Studio Version 17
VisualStudioVersion = 17.3.32825.248
MinimumVisualStudioVersion = 10.0.40219.1
Project("{FAE04EC0-301F-11D3-BF4B-00C04F79EFBC}") = "CoffeeShopProject", "CoffeeShopProject\CoffeeShopProject.csproj", "{8FD4C49B-A831-492F-99AC-DFC0431C201A}"
EndProject
Global
	GlobalSection(SolutionConfigurationPlatforms) = preSolution
		Debug|Any CPU = Debug|Any CPU
		Release|Any CPU = Release|Any CPU
	EndGlobalSection
	GlobalSection(ProjectConfigurationPlatforms) = postSolution
		{8FD4C49B-A831-492F-99AC-DFC0431C201A}.Debug|Any CPU.ActiveCfg = Debug|Any CPU
		{8FD4C49B-A831-492F-99AC-DFC0431C201A}.Debug|Any CPU.Build.0 = Debug|Any CPU
		{8FD4C49B-A831-492F-99AC-DFC0431C201A}.Release|Any CPU.ActiveCfg = Release|Any CPU
		{8FD4C49B-A831-492F-99AC-DFC0431C201A}.Release|Any CPU.Build.0 = Release|Any CPU
	EndGlobalSection
	GlobalSection(SolutionProperties) = preSolution
		HideSolutionNode = FALSE
	EndGlobalSection
	GlobalSection(ExtensibilityGlobals) = postSolution
		SolutionGuid = {C88A7369-F5BD-4F36-94F8-DDDD445D4260}
	EndGlobalSection
EndGlobal
